// !$*UTF8*$!
{
	archiveVersion = 1;
	classes = {
	};
	objectVersion = 50;
	objects = {

/* Begin PBXBuildFile section */
		FB40AC9321F61BA800A60B71 /* AppDelegate.swift in Sources */ = {isa = PBXBuildFile; fileRef = FB40AC9221F61BA800A60B71 /* AppDelegate.swift */; };
		FB40AC9521F61BA800A60B71 /* ViewController.swift in Sources */ = {isa = PBXBuildFile; fileRef = FB40AC9421F61BA800A60B71 /* ViewController.swift */; };
		FB40AC9821F61BA800A60B71 /* Main.storyboard in Resources */ = {isa = PBXBuildFile; fileRef = FB40AC9621F61BA800A60B71 /* Main.storyboard */; };
		FB40AC9B21F61BA800A60B71 /* Home_Report.xcdatamodeld in Sources */ = {isa = PBXBuildFile; fileRef = FB40AC9921F61BA800A60B71 /* Home_Report.xcdatamodeld */; };
		FB40AC9D21F61BA900A60B71 /* Assets.xcassets in Resources */ = {isa = PBXBuildFile; fileRef = FB40AC9C21F61BA900A60B71 /* Assets.xcassets */; };
		FB40ACA021F61BA900A60B71 /* LaunchScreen.storyboard in Resources */ = {isa = PBXBuildFile; fileRef = FB40AC9E21F61BA900A60B71 /* LaunchScreen.storyboard */; };
		FB40ACA821F61BD600A60B71 /* homes.json in Resources */ = {isa = PBXBuildFile; fileRef = FB40ACA721F61BD600A60B71 /* homes.json */; };
		FB40ACBF21F61C1200A60B71 /* 900000.jpg in Resources */ = {isa = PBXBuildFile; fileRef = FB40ACA921F61C1100A60B71 /* 900000.jpg */; };
		FB40ACC021F61C1200A60B71 /* 165000.jpg in Resources */ = {isa = PBXBuildFile; fileRef = FB40ACAA21F61C1100A60B71 /* 165000.jpg */; };
		FB40ACC121F61C1200A60B71 /* 285000.jpg in Resources */ = {isa = PBXBuildFile; fileRef = FB40ACAB21F61C1100A60B71 /* 285000.jpg */; };
		FB40ACC221F61C1200A60B71 /* 575000.jpg in Resources */ = {isa = PBXBuildFile; fileRef = FB40ACAC21F61C1100A60B71 /* 575000.jpg */; };
		FB40ACC321F61C1200A60B71 /* 247500.jpg in Resources */ = {isa = PBXBuildFile; fileRef = FB40ACAD21F61C1100A60B71 /* 247500.jpg */; };
		FB40ACC421F61C1200A60B71 /* 965000.jpg in Resources */ = {isa = PBXBuildFile; fileRef = FB40ACAE21F61C1100A60B71 /* 965000.jpg */; };
		FB40ACC521F61C1200A60B71 /* 1660000.jpg in Resources */ = {isa = PBXBuildFile; fileRef = FB40ACAF21F61C1100A60B71 /* 1660000.jpg */; };
		FB40ACC621F61C1200A60B71 /* 763000.jpg in Resources */ = {isa = PBXBuildFile; fileRef = FB40ACB021F61C1100A60B71 /* 763000.jpg */; };
		FB40ACC721F61C1200A60B71 /* 430000.jpg in Resources */ = {isa = PBXBuildFile; fileRef = FB40ACB121F61C1100A60B71 /* 430000.jpg */; };
		FB40ACC821F61C1200A60B71 /* 975000.jpg in Resources */ = {isa = PBXBuildFile; fileRef = FB40ACB221F61C1100A60B71 /* 975000.jpg */; };
		FB40ACC921F61C1200A60B71 /* 1698000.jpg in Resources */ = {isa = PBXBuildFile; fileRef = FB40ACB321F61C1100A60B71 /* 1698000.jpg */; };
		FB40ACCA21F61C1200A60B71 /* 295000.jpg in Resources */ = {isa = PBXBuildFile; fileRef = FB40ACB421F61C1100A60B71 /* 295000.jpg */; };
		FB40ACCB21F61C1200A60B71 /* 325000.jpg in Resources */ = {isa = PBXBuildFile; fileRef = FB40ACB521F61C1100A60B71 /* 325000.jpg */; };
		FB40ACCC21F61C1200A60B71 /* 189900.jpg in Resources */ = {isa = PBXBuildFile; fileRef = FB40ACB621F61C1100A60B71 /* 189900.jpg */; };
		FB40ACCD21F61C1200A60B71 /* 813000.jpg in Resources */ = {isa = PBXBuildFile; fileRef = FB40ACB721F61C1100A60B71 /* 813000.jpg */; };
		FB40ACCE21F61C1200A60B71 /* 787500.jpg in Resources */ = {isa = PBXBuildFile; fileRef = FB40ACB821F61C1100A60B71 /* 787500.jpg */; };
		FB40ACCF21F61C1200A60B71 /* 236200.jpg in Resources */ = {isa = PBXBuildFile; fileRef = FB40ACB921F61C1200A60B71 /* 236200.jpg */; };
		FB40ACD021F61C1200A60B71 /* 880000.jpg in Resources */ = {isa = PBXBuildFile; fileRef = FB40ACBA21F61C1200A60B71 /* 880000.jpg */; };
		FB40ACD121F61C1200A60B71 /* 889000.jpg in Resources */ = {isa = PBXBuildFile; fileRef = FB40ACBB21F61C1200A60B71 /* 889000.jpg */; };
		FB40ACD221F61C1200A60B71 /* 1075000.jpg in Resources */ = {isa = PBXBuildFile; fileRef = FB40ACBC21F61C1200A60B71 /* 1075000.jpg */; };
		FB40ACD321F61C1200A60B71 /* 289000.jpg in Resources */ = {isa = PBXBuildFile; fileRef = FB40ACBD21F61C1200A60B71 /* 289000.jpg */; };
		FB40ACD421F61C1200A60B71 /* 1290000.jpg in Resources */ = {isa = PBXBuildFile; fileRef = FB40ACBE21F61C1200A60B71 /* 1290000.jpg */; };
		FB40ACDE21F61F7A00A60B71 /* Condo+CoreDataClass.swift in Sources */ = {isa = PBXBuildFile; fileRef = FB40ACD621F61F7A00A60B71 /* Condo+CoreDataClass.swift */; };
		FB40ACDF21F61F7A00A60B71 /* Condo+CoreDataProperties.swift in Sources */ = {isa = PBXBuildFile; fileRef = FB40ACD721F61F7A00A60B71 /* Condo+CoreDataProperties.swift */; };
		FB40ACE021F61F7A00A60B71 /* SalesHistory+CoreDataClass.swift in Sources */ = {isa = PBXBuildFile; fileRef = FB40ACD821F61F7A00A60B71 /* SalesHistory+CoreDataClass.swift */; };
		FB40ACE121F61F7A00A60B71 /* SalesHistory+CoreDataProperties.swift in Sources */ = {isa = PBXBuildFile; fileRef = FB40ACD921F61F7A00A60B71 /* SalesHistory+CoreDataProperties.swift */; };
		FB40ACE221F61F7A00A60B71 /* Home+CoreDataClass.swift in Sources */ = {isa = PBXBuildFile; fileRef = FB40ACDA21F61F7A00A60B71 /* Home+CoreDataClass.swift */; };
		FB40ACE321F61F7A00A60B71 /* Home+CoreDataProperties.swift in Sources */ = {isa = PBXBuildFile; fileRef = FB40ACDB21F61F7A00A60B71 /* Home+CoreDataProperties.swift */; };
		FB40ACE421F61F7A00A60B71 /* SingleFamily+CoreDataClass.swift in Sources */ = {isa = PBXBuildFile; fileRef = FB40ACDC21F61F7A00A60B71 /* SingleFamily+CoreDataClass.swift */; };
		FB40ACE521F61F7A00A60B71 /* SingleFamily+CoreDataProperties.swift in Sources */ = {isa = PBXBuildFile; fileRef = FB40ACDD21F61F7A00A60B71 /* SingleFamily+CoreDataProperties.swift */; };
		FB40ACE921F6207A00A60B71 /* CoreDataStack.swift in Sources */ = {isa = PBXBuildFile; fileRef = FB40ACE821F6207A00A60B71 /* CoreDataStack.swift */; };
		FB40ACEB21F6215200A60B71 /* Date+Extension.swift in Sources */ = {isa = PBXBuildFile; fileRef = FB40ACEA21F6215200A60B71 /* Date+Extension.swift */; };
		FB40ACED21F6216800A60B71 /* Double+Extension.swift in Sources */ = {isa = PBXBuildFile; fileRef = FB40ACEC21F6216800A60B71 /* Double+Extension.swift */; };
		FB40ACEF21F6217700A60B71 /* HomeType.swift in Sources */ = {isa = PBXBuildFile; fileRef = FB40ACEE21F6217700A60B71 /* HomeType.swift */; };
/* End PBXBuildFile section */

/* Begin PBXFileReference section */
		FB40AC8F21F61BA800A60B71 /* Home-Report.app */ = {isa = PBXFileReference; explicitFileType = wrapper.application; includeInIndex = 0; path = "Home-Report.app"; sourceTree = BUILT_PRODUCTS_DIR; };
		FB40AC9221F61BA800A60B71 /* AppDelegate.swift */ = {isa = PBXFileReference; lastKnownFileType = sourcecode.swift; path = AppDelegate.swift; sourceTree = "<group>"; };
		FB40AC9421F61BA800A60B71 /* ViewController.swift */ = {isa = PBXFileReference; lastKnownFileType = sourcecode.swift; path = ViewController.swift; sourceTree = "<group>"; };
		FB40AC9721F61BA800A60B71 /* Base */ = {isa = PBXFileReference; lastKnownFileType = file.storyboard; name = Base; path = Base.lproj/Main.storyboard; sourceTree = "<group>"; };
		FB40AC9A21F61BA800A60B71 /* Home_Report.xcdatamodel */ = {isa = PBXFileReference; lastKnownFileType = wrapper.xcdatamodel; path = Home_Report.xcdatamodel; sourceTree = "<group>"; };
		FB40AC9C21F61BA900A60B71 /* Assets.xcassets */ = {isa = PBXFileReference; lastKnownFileType = folder.assetcatalog; path = Assets.xcassets; sourceTree = "<group>"; };
		FB40AC9F21F61BA900A60B71 /* Base */ = {isa = PBXFileReference; lastKnownFileType = file.storyboard; name = Base; path = Base.lproj/LaunchScreen.storyboard; sourceTree = "<group>"; };
		FB40ACA121F61BA900A60B71 /* Info.plist */ = {isa = PBXFileReference; lastKnownFileType = text.plist.xml; path = Info.plist; sourceTree = "<group>"; };
		FB40ACA721F61BD600A60B71 /* homes.json */ = {isa = PBXFileReference; lastKnownFileType = text.json; path = homes.json; sourceTree = "<group>"; };
		FB40ACA921F61C1100A60B71 /* 900000.jpg */ = {isa = PBXFileReference; lastKnownFileType = image.jpeg; path = 900000.jpg; sourceTree = "<group>"; };
		FB40ACAA21F61C1100A60B71 /* 165000.jpg */ = {isa = PBXFileReference; lastKnownFileType = image.jpeg; path = 165000.jpg; sourceTree = "<group>"; };
		FB40ACAB21F61C1100A60B71 /* 285000.jpg */ = {isa = PBXFileReference; lastKnownFileType = image.jpeg; path = 285000.jpg; sourceTree = "<group>"; };
		FB40ACAC21F61C1100A60B71 /* 575000.jpg */ = {isa = PBXFileReference; lastKnownFileType = image.jpeg; path = 575000.jpg; sourceTree = "<group>"; };
		FB40ACAD21F61C1100A60B71 /* 247500.jpg */ = {isa = PBXFileReference; lastKnownFileType = image.jpeg; path = 247500.jpg; sourceTree = "<group>"; };
		FB40ACAE21F61C1100A60B71 /* 965000.jpg */ = {isa = PBXFileReference; lastKnownFileType = image.jpeg; path = 965000.jpg; sourceTree = "<group>"; };
		FB40ACAF21F61C1100A60B71 /* 1660000.jpg */ = {isa = PBXFileReference; lastKnownFileType = image.jpeg; path = 1660000.jpg; sourceTree = "<group>"; };
		FB40ACB021F61C1100A60B71 /* 763000.jpg */ = {isa = PBXFileReference; lastKnownFileType = image.jpeg; path = 763000.jpg; sourceTree = "<group>"; };
		FB40ACB121F61C1100A60B71 /* 430000.jpg */ = {isa = PBXFileReference; lastKnownFileType = image.jpeg; path = 430000.jpg; sourceTree = "<group>"; };
		FB40ACB221F61C1100A60B71 /* 975000.jpg */ = {isa = PBXFileReference; lastKnownFileType = image.jpeg; path = 975000.jpg; sourceTree = "<group>"; };
		FB40ACB321F61C1100A60B71 /* 1698000.jpg */ = {isa = PBXFileReference; lastKnownFileType = image.jpeg; path = 1698000.jpg; sourceTree = "<group>"; };
		FB40ACB421F61C1100A60B71 /* 295000.jpg */ = {isa = PBXFileReference; lastKnownFileType = image.jpeg; path = 295000.jpg; sourceTree = "<group>"; };
		FB40ACB521F61C1100A60B71 /* 325000.jpg */ = {isa = PBXFileReference; lastKnownFileType = image.jpeg; path = 325000.jpg; sourceTree = "<group>"; };
		FB40ACB621F61C1100A60B71 /* 189900.jpg */ = {isa = PBXFileReference; lastKnownFileType = image.jpeg; path = 189900.jpg; sourceTree = "<group>"; };
		FB40ACB721F61C1100A60B71 /* 813000.jpg */ = {isa = PBXFileReference; lastKnownFileType = image.jpeg; path = 813000.jpg; sourceTree = "<group>"; };
		FB40ACB821F61C1100A60B71 /* 787500.jpg */ = {isa = PBXFileReference; lastKnownFileType = image.jpeg; path = 787500.jpg; sourceTree = "<group>"; };
		FB40ACB921F61C1200A60B71 /* 236200.jpg */ = {isa = PBXFileReference; lastKnownFileType = image.jpeg; path = 236200.jpg; sourceTree = "<group>"; };
		FB40ACBA21F61C1200A60B71 /* 880000.jpg */ = {isa = PBXFileReference; lastKnownFileType = image.jpeg; path = 880000.jpg; sourceTree = "<group>"; };
		FB40ACBB21F61C1200A60B71 /* 889000.jpg */ = {isa = PBXFileReference; lastKnownFileType = image.jpeg; path = 889000.jpg; sourceTree = "<group>"; };
		FB40ACBC21F61C1200A60B71 /* 1075000.jpg */ = {isa = PBXFileReference; lastKnownFileType = image.jpeg; path = 1075000.jpg; sourceTree = "<group>"; };
		FB40ACBD21F61C1200A60B71 /* 289000.jpg */ = {isa = PBXFileReference; lastKnownFileType = image.jpeg; path = 289000.jpg; sourceTree = "<group>"; };
		FB40ACBE21F61C1200A60B71 /* 1290000.jpg */ = {isa = PBXFileReference; lastKnownFileType = image.jpeg; path = 1290000.jpg; sourceTree = "<group>"; };
		FB40ACD621F61F7A00A60B71 /* Condo+CoreDataClass.swift */ = {isa = PBXFileReference; lastKnownFileType = sourcecode.swift; path = "Condo+CoreDataClass.swift"; sourceTree = "<group>"; };
		FB40ACD721F61F7A00A60B71 /* Condo+CoreDataProperties.swift */ = {isa = PBXFileReference; lastKnownFileType = sourcecode.swift; path = "Condo+CoreDataProperties.swift"; sourceTree = "<group>"; };
		FB40ACD821F61F7A00A60B71 /* SalesHistory+CoreDataClass.swift */ = {isa = PBXFileReference; lastKnownFileType = sourcecode.swift; path = "SalesHistory+CoreDataClass.swift"; sourceTree = "<group>"; };
		FB40ACD921F61F7A00A60B71 /* SalesHistory+CoreDataProperties.swift */ = {isa = PBXFileReference; lastKnownFileType = sourcecode.swift; path = "SalesHistory+CoreDataProperties.swift"; sourceTree = "<group>"; };
		FB40ACDA21F61F7A00A60B71 /* Home+CoreDataClass.swift */ = {isa = PBXFileReference; lastKnownFileType = sourcecode.swift; path = "Home+CoreDataClass.swift"; sourceTree = "<group>"; };
		FB40ACDB21F61F7A00A60B71 /* Home+CoreDataProperties.swift */ = {isa = PBXFileReference; lastKnownFileType = sourcecode.swift; path = "Home+CoreDataProperties.swift"; sourceTree = "<group>"; };
		FB40ACDC21F61F7A00A60B71 /* SingleFamily+CoreDataClass.swift */ = {isa = PBXFileReference; lastKnownFileType = sourcecode.swift; path = "SingleFamily+CoreDataClass.swift"; sourceTree = "<group>"; };
		FB40ACDD21F61F7A00A60B71 /* SingleFamily+CoreDataProperties.swift */ = {isa = PBXFileReference; lastKnownFileType = sourcecode.swift; path = "SingleFamily+CoreDataProperties.swift"; sourceTree = "<group>"; };
		FB40ACE821F6207A00A60B71 /* CoreDataStack.swift */ = {isa = PBXFileReference; lastKnownFileType = sourcecode.swift; path = CoreDataStack.swift; sourceTree = "<group>"; };
		FB40ACEA21F6215200A60B71 /* Date+Extension.swift */ = {isa = PBXFileReference; lastKnownFileType = sourcecode.swift; path = "Date+Extension.swift"; sourceTree = "<group>"; };
		FB40ACEC21F6216800A60B71 /* Double+Extension.swift */ = {isa = PBXFileReference; lastKnownFileType = sourcecode.swift; path = "Double+Extension.swift"; sourceTree = "<group>"; };
		FB40ACEE21F6217700A60B71 /* HomeType.swift */ = {isa = PBXFileReference; lastKnownFileType = sourcecode.swift; path = HomeType.swift; sourceTree = "<group>"; };
/* End PBXFileReference section */

/* Begin PBXFrameworksBuildPhase section */
		FB40AC8C21F61BA800A60B71 /* Frameworks */ = {
			isa = PBXFrameworksBuildPhase;
			buildActionMask = 2147483647;
			files = (
			);
			runOnlyForDeploymentPostprocessing = 0;
		};
/* End PBXFrameworksBuildPhase section */

/* Begin PBXGroup section */
		FB40AC8621F61BA800A60B71 = {
			isa = PBXGroup;
			children = (
				FB40AC9121F61BA800A60B71 /* Home-Report */,
				FB40AC9021F61BA800A60B71 /* Products */,
			);
			sourceTree = "<group>";
		};
		FB40AC9021F61BA800A60B71 /* Products */ = {
			isa = PBXGroup;
			children = (
				FB40AC8F21F61BA800A60B71 /* Home-Report.app */,
			);
			name = Products;
			sourceTree = "<group>";
		};
		FB40AC9121F61BA800A60B71 /* Home-Report */ = {
			isa = PBXGroup;
			children = (
				FB40ACE621F61F9000A60B71 /* entity */,
				FB40AC9221F61BA800A60B71 /* AppDelegate.swift */,
				FB40AC9421F61BA800A60B71 /* ViewController.swift */,
				FB40AC9621F61BA800A60B71 /* Main.storyboard */,
				FB40AC9C21F61BA900A60B71 /* Assets.xcassets */,
				FB40AC9E21F61BA900A60B71 /* LaunchScreen.storyboard */,
				FB40ACA121F61BA900A60B71 /* Info.plist */,
				FB40ACE721F61FF600A60B71 /* model */,
				FB40ACD521F61C1B00A60B71 /* images */,
				FB40ACE821F6207A00A60B71 /* CoreDataStack.swift */,
				FB40ACF021F6217F00A60B71 /* helper */,
			);
			path = "Home-Report";
			sourceTree = "<group>";
		};
		FB40ACD521F61C1B00A60B71 /* images */ = {
			isa = PBXGroup;
			children = (
				FB40ACAA21F61C1100A60B71 /* 165000.jpg */,
				FB40ACB621F61C1100A60B71 /* 189900.jpg */,
				FB40ACB921F61C1200A60B71 /* 236200.jpg */,
				FB40ACAD21F61C1100A60B71 /* 247500.jpg */,
				FB40ACAB21F61C1100A60B71 /* 285000.jpg */,
				FB40ACBD21F61C1200A60B71 /* 289000.jpg */,
				FB40ACB421F61C1100A60B71 /* 295000.jpg */,
				FB40ACB521F61C1100A60B71 /* 325000.jpg */,
				FB40ACB121F61C1100A60B71 /* 430000.jpg */,
				FB40ACAC21F61C1100A60B71 /* 575000.jpg */,
				FB40ACB021F61C1100A60B71 /* 763000.jpg */,
				FB40ACB821F61C1100A60B71 /* 787500.jpg */,
				FB40ACB721F61C1100A60B71 /* 813000.jpg */,
				FB40ACBA21F61C1200A60B71 /* 880000.jpg */,
				FB40ACBB21F61C1200A60B71 /* 889000.jpg */,
				FB40ACA921F61C1100A60B71 /* 900000.jpg */,
				FB40ACAE21F61C1100A60B71 /* 965000.jpg */,
				FB40ACB221F61C1100A60B71 /* 975000.jpg */,
				FB40ACBC21F61C1200A60B71 /* 1075000.jpg */,
				FB40ACBE21F61C1200A60B71 /* 1290000.jpg */,
				FB40ACAF21F61C1100A60B71 /* 1660000.jpg */,
				FB40ACB321F61C1100A60B71 /* 1698000.jpg */,
			);
			path = images;
			sourceTree = "<group>";
		};
		FB40ACE621F61F9000A60B71 /* entity */ = {
			isa = PBXGroup;
			children = (
				FB40ACD621F61F7A00A60B71 /* Condo+CoreDataClass.swift */,
				FB40ACD721F61F7A00A60B71 /* Condo+CoreDataProperties.swift */,
				FB40ACD821F61F7A00A60B71 /* SalesHistory+CoreDataClass.swift */,
				FB40ACD921F61F7A00A60B71 /* SalesHistory+CoreDataProperties.swift */,
				FB40ACDA21F61F7A00A60B71 /* Home+CoreDataClass.swift */,
				FB40ACDB21F61F7A00A60B71 /* Home+CoreDataProperties.swift */,
				FB40ACDC21F61F7A00A60B71 /* SingleFamily+CoreDataClass.swift */,
				FB40ACDD21F61F7A00A60B71 /* SingleFamily+CoreDataProperties.swift */,
			);
			path = entity;
			sourceTree = "<group>";
		};
		FB40ACE721F61FF600A60B71 /* model */ = {
			isa = PBXGroup;
			children = (
				FB40ACA721F61BD600A60B71 /* homes.json */,
				FB40AC9921F61BA800A60B71 /* Home_Report.xcdatamodeld */,
			);
			path = model;
			sourceTree = "<group>";
		};
		FB40ACF021F6217F00A60B71 /* helper */ = {
			isa = PBXGroup;
			children = (
				FB40ACEA21F6215200A60B71 /* Date+Extension.swift */,
				FB40ACEC21F6216800A60B71 /* Double+Extension.swift */,
				FB40ACEE21F6217700A60B71 /* HomeType.swift */,
			);
			path = helper;
			sourceTree = "<group>";
		};
/* End PBXGroup section */

/* Begin PBXNativeTarget section */
		FB40AC8E21F61BA800A60B71 /* Home-Report */ = {
			isa = PBXNativeTarget;
			buildConfigurationList = FB40ACA421F61BA900A60B71 /* Build configuration list for PBXNativeTarget "Home-Report" */;
			buildPhases = (
				FB40AC8B21F61BA800A60B71 /* Sources */,
				FB40AC8C21F61BA800A60B71 /* Frameworks */,
				FB40AC8D21F61BA800A60B71 /* Resources */,
			);
			buildRules = (
			);
			dependencies = (
			);
			name = "Home-Report";
			productName = "Home-Report";
			productReference = FB40AC8F21F61BA800A60B71 /* Home-Report.app */;
			productType = "com.apple.product-type.application";
		};
/* End PBXNativeTarget section */

/* Begin PBXProject section */
		FB40AC8721F61BA800A60B71 /* Project object */ = {
			isa = PBXProject;
			attributes = {
				LastSwiftUpdateCheck = 1010;
				LastUpgradeCheck = 1010;
				ORGANIZATIONNAME = "Dhaval s";
				TargetAttributes = {
					FB40AC8E21F61BA800A60B71 = {
						CreatedOnToolsVersion = 10.1;
					};
				};
			};
			buildConfigurationList = FB40AC8A21F61BA800A60B71 /* Build configuration list for PBXProject "Home-Report" */;
			compatibilityVersion = "Xcode 9.3";
			developmentRegion = en;
			hasScannedForEncodings = 0;
			knownRegions = (
				en,
				Base,
			);
			mainGroup = FB40AC8621F61BA800A60B71;
			productRefGroup = FB40AC9021F61BA800A60B71 /* Products */;
			projectDirPath = "";
			projectRoot = "";
			targets = (
				FB40AC8E21F61BA800A60B71 /* Home-Report */,
			);
		};
/* End PBXProject section */

/* Begin PBXResourcesBuildPhase section */
		FB40AC8D21F61BA800A60B71 /* Resources */ = {
			isa = PBXResourcesBuildPhase;
			buildActionMask = 2147483647;
			files = (
				FB40ACD421F61C1200A60B71 /* 1290000.jpg in Resources */,
				FB40ACCE21F61C1200A60B71 /* 787500.jpg in Resources */,
				FB40ACD321F61C1200A60B71 /* 289000.jpg in Resources */,
				FB40ACBF21F61C1200A60B71 /* 900000.jpg in Resources */,
				FB40ACC621F61C1200A60B71 /* 763000.jpg in Resources */,
				FB40ACA021F61BA900A60B71 /* LaunchScreen.storyboard in Resources */,
				FB40ACCF21F61C1200A60B71 /* 236200.jpg in Resources */,
				FB40ACD121F61C1200A60B71 /* 889000.jpg in Resources */,
				FB40ACC221F61C1200A60B71 /* 575000.jpg in Resources */,
				FB40ACC821F61C1200A60B71 /* 975000.jpg in Resources */,
				FB40ACA821F61BD600A60B71 /* homes.json in Resources */,
				FB40AC9D21F61BA900A60B71 /* Assets.xcassets in Resources */,
				FB40ACC321F61C1200A60B71 /* 247500.jpg in Resources */,
				FB40ACC721F61C1200A60B71 /* 430000.jpg in Resources */,
				FB40ACCA21F61C1200A60B71 /* 295000.jpg in Resources */,
				FB40ACC121F61C1200A60B71 /* 285000.jpg in Resources */,
				FB40ACCB21F61C1200A60B71 /* 325000.jpg in Resources */,
				FB40ACD221F61C1200A60B71 /* 1075000.jpg in Resources */,
				FB40ACC421F61C1200A60B71 /* 965000.jpg in Resources */,
				FB40AC9821F61BA800A60B71 /* Main.storyboard in Resources */,
				FB40ACCC21F61C1200A60B71 /* 189900.jpg in Resources */,
				FB40ACC021F61C1200A60B71 /* 165000.jpg in Resources */,
				FB40ACC921F61C1200A60B71 /* 1698000.jpg in Resources */,
				FB40ACCD21F61C1200A60B71 /* 813000.jpg in Resources */,
				FB40ACC521F61C1200A60B71 /* 1660000.jpg in Resources */,
				FB40ACD021F61C1200A60B71 /* 880000.jpg in Resources */,
			);
			runOnlyForDeploymentPostprocessing = 0;
		};
/* End PBXResourcesBuildPhase section */

/* Begin PBXSourcesBuildPhase section */
		FB40AC8B21F61BA800A60B71 /* Sources */ = {
			isa = PBXSourcesBuildPhase;
			buildActionMask = 2147483647;
			files = (
				FB40ACE521F61F7A00A60B71 /* SingleFamily+CoreDataProperties.swift in Sources */,
				FB40ACE221F61F7A00A60B71 /* Home+CoreDataClass.swift in Sources */,
				FB40ACED21F6216800A60B71 /* Double+Extension.swift in Sources */,
				FB40ACEB21F6215200A60B71 /* Date+Extension.swift in Sources */,
				FB40ACE021F61F7A00A60B71 /* SalesHistory+CoreDataClass.swift in Sources */,
				FB40ACE921F6207A00A60B71 /* CoreDataStack.swift in Sources */,
				FB40ACDF21F61F7A00A60B71 /* Condo+CoreDataProperties.swift in Sources */,
				FB40ACEF21F6217700A60B71 /* HomeType.swift in Sources */,
				FB40AC9B21F61BA800A60B71 /* Home_Report.xcdatamodeld in Sources */,
				FB40ACE321F61F7A00A60B71 /* Home+CoreDataProperties.swift in Sources */,
				FB40AC9521F61BA800A60B71 /* ViewController.swift in Sources */,
				FB40ACE421F61F7A00A60B71 /* SingleFamily+CoreDataClass.swift in Sources */,
				FB40AC9321F61BA800A60B71 /* AppDelegate.swift in Sources */,
				FB40ACE121F61F7A00A60B71 /* SalesHistory+CoreDataProperties.swift in Sources */,
				FB40ACDE21F61F7A00A60B71 /* Condo+CoreDataClass.swift in Sources */,
			);
			runOnlyForDeploymentPostprocessing = 0;
		};
/* End PBXSourcesBuildPhase section */

/* Begin PBXVariantGroup section */
		FB40AC9621F61BA800A60B71 /* Main.storyboard */ = {
			isa = PBXVariantGroup;
			children = (
				FB40AC9721F61BA800A60B71 /* Base */,
			);
			name = Main.storyboard;
			sourceTree = "<group>";
		};
		FB40AC9E21F61BA900A60B71 /* LaunchScreen.storyboard */ = {
			isa = PBXVariantGroup;
			children = (
				FB40AC9F21F61BA900A60B71 /* Base */,
			);
			name = LaunchScreen.storyboard;
			sourceTree = "<group>";
		};
/* End PBXVariantGroup section */

/* Begin XCBuildConfiguration section */
		FB40ACA221F61BA900A60B71 /* Debug */ = {
			isa = XCBuildConfiguration;
			buildSettings = {
				ALWAYS_SEARCH_USER_PATHS = NO;
				CLANG_ANALYZER_NONNULL = YES;
				CLANG_ANALYZER_NUMBER_OBJECT_CONVERSION = YES_AGGRESSIVE;
				CLANG_CXX_LANGUAGE_STANDARD = "gnu++14";
				CLANG_CXX_LIBRARY = "libc++";
				CLANG_ENABLE_MODULES = YES;
				CLANG_ENABLE_OBJC_ARC = YES;
				CLANG_ENABLE_OBJC_WEAK = YES;
				CLANG_WARN_BLOCK_CAPTURE_AUTORELEASING = YES;
				CLANG_WARN_BOOL_CONVERSION = YES;
				CLANG_WARN_COMMA = YES;
				CLANG_WARN_CONSTANT_CONVERSION = YES;
				CLANG_WARN_DEPRECATED_OBJC_IMPLEMENTATIONS = YES;
				CLANG_WARN_DIRECT_OBJC_ISA_USAGE = YES_ERROR;
				CLANG_WARN_DOCUMENTATION_COMMENTS = YES;
				CLANG_WARN_EMPTY_BODY = YES;
				CLANG_WARN_ENUM_CONVERSION = YES;
				CLANG_WARN_INFINITE_RECURSION = YES;
				CLANG_WARN_INT_CONVERSION = YES;
				CLANG_WARN_NON_LITERAL_NULL_CONVERSION = YES;
				CLANG_WARN_OBJC_IMPLICIT_RETAIN_SELF = YES;
				CLANG_WARN_OBJC_LITERAL_CONVERSION = YES;
				CLANG_WARN_OBJC_ROOT_CLASS = YES_ERROR;
				CLANG_WARN_RANGE_LOOP_ANALYSIS = YES;
				CLANG_WARN_STRICT_PROTOTYPES = YES;
				CLANG_WARN_SUSPICIOUS_MOVE = YES;
				CLANG_WARN_UNGUARDED_AVAILABILITY = YES_AGGRESSIVE;
				CLANG_WARN_UNREACHABLE_CODE = YES;
				CLANG_WARN__DUPLICATE_METHOD_MATCH = YES;
				CODE_SIGN_IDENTITY = "iPhone Developer";
				COPY_PHASE_STRIP = NO;
				DEBUG_INFORMATION_FORMAT = dwarf;
				ENABLE_STRICT_OBJC_MSGSEND = YES;
				ENABLE_TESTABILITY = YES;
				GCC_C_LANGUAGE_STANDARD = gnu11;
				GCC_DYNAMIC_NO_PIC = NO;
				GCC_NO_COMMON_BLOCKS = YES;
				GCC_OPTIMIZATION_LEVEL = 0;
				GCC_PREPROCESSOR_DEFINITIONS = (
					"DEBUG=1",
					"$(inherited)",
				);
				GCC_WARN_64_TO_32_BIT_CONVERSION = YES;
				GCC_WARN_ABOUT_RETURN_TYPE = YES_ERROR;
				GCC_WARN_UNDECLARED_SELECTOR = YES;
				GCC_WARN_UNINITIALIZED_AUTOS = YES_AGGRESSIVE;
				GCC_WARN_UNUSED_FUNCTION = YES;
				GCC_WARN_UNUSED_VARIABLE = YES;
				IPHONEOS_DEPLOYMENT_TARGET = 12.1;
				MTL_ENABLE_DEBUG_INFO = INCLUDE_SOURCE;
				MTL_FAST_MATH = YES;
				ONLY_ACTIVE_ARCH = YES;
				SDKROOT = iphoneos;
				SWIFT_ACTIVE_COMPILATION_CONDITIONS = DEBUG;
				SWIFT_OPTIMIZATION_LEVEL = "-Onone";
			};
			name = Debug;
		};
		FB40ACA321F61BA900A60B71 /* Release */ = {
			isa = XCBuildConfiguration;
			buildSettings = {
				ALWAYS_SEARCH_USER_PATHS = NO;
				CLANG_ANALYZER_NONNULL = YES;
				CLANG_ANALYZER_NUMBER_OBJECT_CONVERSION = YES_AGGRESSIVE;
				CLANG_CXX_LANGUAGE_STANDARD = "gnu++14";
				CLANG_CXX_LIBRARY = "libc++";
				CLANG_ENABLE_MODULES = YES;
				CLANG_ENABLE_OBJC_ARC = YES;
				CLANG_ENABLE_OBJC_WEAK = YES;
				CLANG_WARN_BLOCK_CAPTURE_AUTORELEASING = YES;
				CLANG_WARN_BOOL_CONVERSION = YES;
				CLANG_WARN_COMMA = YES;
				CLANG_WARN_CONSTANT_CONVERSION = YES;
				CLANG_WARN_DEPRECATED_OBJC_IMPLEMENTATIONS = YES;
				CLANG_WARN_DIRECT_OBJC_ISA_USAGE = YES_ERROR;
				CLANG_WARN_DOCUMENTATION_COMMENTS = YES;
				CLANG_WARN_EMPTY_BODY = YES;
				CLANG_WARN_ENUM_CONVERSION = YES;
				CLANG_WARN_INFINITE_RECURSION = YES;
				CLANG_WARN_INT_CONVERSION = YES;
				CLANG_WARN_NON_LITERAL_NULL_CONVERSION = YES;
				CLANG_WARN_OBJC_IMPLICIT_RETAIN_SELF = YES;
				CLANG_WARN_OBJC_LITERAL_CONVERSION = YES;
				CLANG_WARN_OBJC_ROOT_CLASS = YES_ERROR;
				CLANG_WARN_RANGE_LOOP_ANALYSIS = YES;
				CLANG_WARN_STRICT_PROTOTYPES = YES;
				CLANG_WARN_SUSPICIOUS_MOVE = YES;
				CLANG_WARN_UNGUARDED_AVAILABILITY = YES_AGGRESSIVE;
				CLANG_WARN_UNREACHABLE_CODE = YES;
				CLANG_WARN__DUPLICATE_METHOD_MATCH = YES;
				CODE_SIGN_IDENTITY = "iPhone Developer";
				COPY_PHASE_STRIP = NO;
				DEBUG_INFORMATION_FORMAT = "dwarf-with-dsym";
				ENABLE_NS_ASSERTIONS = NO;
				ENABLE_STRICT_OBJC_MSGSEND = YES;
				GCC_C_LANGUAGE_STANDARD = gnu11;
				GCC_NO_COMMON_BLOCKS = YES;
				GCC_WARN_64_TO_32_BIT_CONVERSION = YES;
				GCC_WARN_ABOUT_RETURN_TYPE = YES_ERROR;
				GCC_WARN_UNDECLARED_SELECTOR = YES;
				GCC_WARN_UNINITIALIZED_AUTOS = YES_AGGRESSIVE;
				GCC_WARN_UNUSED_FUNCTION = YES;
				GCC_WARN_UNUSED_VARIABLE = YES;
				IPHONEOS_DEPLOYMENT_TARGET = 12.1;
				MTL_ENABLE_DEBUG_INFO = NO;
				MTL_FAST_MATH = YES;
				SDKROOT = iphoneos;
				SWIFT_COMPILATION_MODE = wholemodule;
				SWIFT_OPTIMIZATION_LEVEL = "-O";
				VALIDATE_PRODUCT = YES;
			};
			name = Release;
		};
		FB40ACA521F61BA900A60B71 /* Debug */ = {
			isa = XCBuildConfiguration;
			buildSettings = {
				ASSETCATALOG_COMPILER_APPICON_NAME = AppIcon;
				CODE_SIGN_STYLE = Automatic;
				INFOPLIST_FILE = "Home-Report/Info.plist";
				LD_RUNPATH_SEARCH_PATHS = (
					"$(inherited)",
					"@executable_path/Frameworks",
				);
				PRODUCT_BUNDLE_IDENTIFIER = "com.Dcone.Home-Report";
				PRODUCT_NAME = "$(TARGET_NAME)";
				SWIFT_VERSION = 4.2;
				TARGETED_DEVICE_FAMILY = "1,2";
			};
			name = Debug;
		};
		FB40ACA621F61BA900A60B71 /* Release */ = {
			isa = XCBuildConfiguration;
			buildSettings = {
				ASSETCATALOG_COMPILER_APPICON_NAME = AppIcon;
				CODE_SIGN_STYLE = Automatic;
				INFOPLIST_FILE = "Home-Report/Info.plist";
				LD_RUNPATH_SEARCH_PATHS = (
					"$(inherited)",
					"@executable_path/Frameworks",
				);
				PRODUCT_BUNDLE_IDENTIFIER = "com.Dcone.Home-Report";
				PRODUCT_NAME = "$(TARGET_NAME)";
				SWIFT_VERSION = 4.2;
				TARGETED_DEVICE_FAMILY = "1,2";
			};
			name = Release;
		};
/* End XCBuildConfiguration section */

/* Begin XCConfigurationList section */
		FB40AC8A21F61BA800A60B71 /* Build configuration list for PBXProject "Home-Report" */ = {
			isa = XCConfigurationList;
			buildConfigurations = (
				FB40ACA221F61BA900A60B71 /* Debug */,
				FB40ACA321F61BA900A60B71 /* Release */,
			);
			defaultConfigurationIsVisible = 0;
			defaultConfigurationName = Release;
		};
		FB40ACA421F61BA900A60B71 /* Build configuration list for PBXNativeTarget "Home-Report" */ = {
			isa = XCConfigurationList;
			buildConfigurations = (
				FB40ACA521F61BA900A60B71 /* Debug */,
				FB40ACA621F61BA900A60B71 /* Release */,
			);
			defaultConfigurationIsVisible = 0;
			defaultConfigurationName = Release;
		};
/* End XCConfigurationList section */

/* Begin XCVersionGroup section */
		FB40AC9921F61BA800A60B71 /* Home_Report.xcdatamodeld */ = {
			isa = XCVersionGroup;
			children = (
				FB40AC9A21F61BA800A60B71 /* Home_Report.xcdatamodel */,
			);
			currentVersion = FB40AC9A21F61BA800A60B71 /* Home_Report.xcdatamodel */;
			path = Home_Report.xcdatamodeld;
			sourceTree = "<group>";
			versionGroupType = wrapper.xcdatamodel;
		};
/* End XCVersionGroup section */
	};
	rootObject = FB40AC8721F61BA800A60B71 /* Project object */;
}
